
Microsoft Visual Studio Solution File, Format Version 12.00
# Visual Studio Version 16
VisualStudioVersion = 16.0.29230.47
MinimumVisualStudioVersion = 10.0.40219.1
Project("{FAE04EC0-301F-11D3-BF4B-00C04F79EFBC}") = "SchoolGradeJournal", "SchoolGradeJournal\SchoolGradeJournal.csproj", "{5E984667-C992-4883-8ED0-26A854F12697}"
EndProject
Project("{FAE04EC0-301F-11D3-BF4B-00C04F79EFBC}") = "SchoolCL", "SchoolCL\SchoolCL.csproj", "{447BA958-3029-4108-8F86-5916918D98A4}"
EndProject
Global
	GlobalSection(SolutionConfigurationPlatforms) = preSolution
		Debug|Any CPU = Debug|Any CPU
		Release|Any CPU = Release|Any CPU
	EndGlobalSection
	GlobalSection(ProjectConfigurationPlatforms) = postSolution
		{5E984667-C992-4883-8ED0-26A854F12697}.Debug|Any CPU.ActiveCfg = Debug|Any CPU
		{5E984667-C992-4883-8ED0-26A854F12697}.Debug|Any CPU.Build.0 = Debug|Any CPU
		{5E984667-C992-4883-8ED0-26A854F12697}.Release|Any CPU.ActiveCfg = Release|Any CPU
		{5E984667-C992-4883-8ED0-26A854F12697}.Release|Any CPU.Build.0 = Release|Any CPU
		{447BA958-3029-4108-8F86-5916918D98A4}.Debug|Any CPU.ActiveCfg = Debug|Any CPU
		{447BA958-3029-4108-8F86-5916918D98A4}.Debug|Any CPU.Build.0 = Debug|Any CPU
		{447BA958-3029-4108-8F86-5916918D98A4}.Release|Any CPU.ActiveCfg = Release|Any CPU
		{447BA958-3029-4108-8F86-5916918D98A4}.Release|Any CPU.Build.0 = Release|Any CPU
	EndGlobalSection
	GlobalSection(SolutionProperties) = preSolution
		HideSolutionNode = FALSE
	EndGlobalSection
	GlobalSection(ExtensibilityGlobals) = postSolution
		SolutionGuid = {4BA4A484-65BD-445C-93E1-BAAC55724318}
	EndGlobalSection
EndGlobal
